
Microsoft Visual Studio Solution File, Format Version 12.00
# Visual Studio 2012
Project("{8BC9CEB9-8B4A-11D0-8D11-00A0C91BC942}") = "SmartLocalization_Runtime", "SmartLocalization_Runtime.dll", "{B74BC0A4-84DB-4D91-BC1D-B6F12B17BED6}"
	ProjectSection(MonoDevelopProperties) = preProject
		name = SmartLocalization_Runtime
		Configurations = $0
		$0.Configuration = $1
		$1.name = Default
		$1.OutputPath = .\
		$1.ctype = ProjectConfiguration
	EndProjectSection
EndProject
Global
	GlobalSection(SolutionConfigurationPlatforms) = preSolution
		Default|Any CPU = Default|Any CPU
	EndGlobalSection
	GlobalSection(ProjectConfigurationPlatforms) = postSolution
		{B74BC0A4-84DB-4D91-BC1D-B6F12B17BED6}.Default|Any CPU.ActiveCfg = Default|Any CPU
		{B74BC0A4-84DB-4D91-BC1D-B6F12B17BED6}.Default|Any CPU.Build.0 = Default|Any CPU
	EndGlobalSection
	GlobalSection(MonoDevelopProperties) = preSolution
		StartupItem = SmartLocalization_Runtime.dll
	EndGlobalSection
EndGlobal
